
Microsoft Visual Studio Solution File, Format Version 12.00
# Visual Studio 15
VisualStudioVersion = 15.0.27703.2026
MinimumVisualStudioVersion = 10.0.40219.1
Project("{9A19103F-16F7-4668-BE54-9A1E7A4F7556}") = "UtsWebApi", "UtsWebApi\UtsWebApi.csproj", "{2961BC59-D3F2-4545-BE4E-3D837DC672B3}"
EndProject
Project("{FAE04EC0-301F-11D3-BF4B-00C04F79EFBC}") = "UtsWebApi.UnitTests", "UtsWebApi.UnitTests\UtsWebApi.UnitTests.csproj", "{6CF6CDEB-9B32-448D-B28F-72E9B4EF01C9}"
EndProject
Global
	GlobalSection(SolutionConfigurationPlatforms) = preSolution
		Debug|Any CPU = Debug|Any CPU
		Release|Any CPU = Release|Any CPU
	EndGlobalSection
	GlobalSection(ProjectConfigurationPlatforms) = postSolution
		{2961BC59-D3F2-4545-BE4E-3D837DC672B3}.Debug|Any CPU.ActiveCfg = Debug|Any CPU
		{2961BC59-D3F2-4545-BE4E-3D837DC672B3}.Debug|Any CPU.Build.0 = Debug|Any CPU
		{2961BC59-D3F2-4545-BE4E-3D837DC672B3}.Release|Any CPU.ActiveCfg = Release|Any CPU
		{2961BC59-D3F2-4545-BE4E-3D837DC672B3}.Release|Any CPU.Build.0 = Release|Any CPU
		{6CF6CDEB-9B32-448D-B28F-72E9B4EF01C9}.Debug|Any CPU.ActiveCfg = Debug|Any CPU
		{6CF6CDEB-9B32-448D-B28F-72E9B4EF01C9}.Debug|Any CPU.Build.0 = Debug|Any CPU
		{6CF6CDEB-9B32-448D-B28F-72E9B4EF01C9}.Release|Any CPU.ActiveCfg = Release|Any CPU
		{6CF6CDEB-9B32-448D-B28F-72E9B4EF01C9}.Release|Any CPU.Build.0 = Release|Any CPU
	EndGlobalSection
	GlobalSection(SolutionProperties) = preSolution
		HideSolutionNode = FALSE
	EndGlobalSection
	GlobalSection(ExtensibilityGlobals) = postSolution
		SolutionGuid = {476A8B22-ED38-4327-A297-79A004DB07D3}
	EndGlobalSection
EndGlobal
